
Microsoft Visual Studio Solution File, Format Version 12.00
# Visual Studio Version 16
VisualStudioVersion = 16.6.30114.105
MinimumVisualStudioVersion = 10.0.40219.1
Project("{9A19103F-16F7-4668-BE54-9A1E7A4F7556}") = "TermInfo", "TermInfo\TermInfo.csproj", "{C49A39CF-372F-4E4D-AFCF-8285CFB39255}"
EndProject
Project("{9A19103F-16F7-4668-BE54-9A1E7A4F7556}") = "TermInfo.Tests", "TermInfo.Tests\TermInfo.Tests.csproj", "{4D5E6C3E-C7AC-426C-AABE-9C44B1834C93}"
EndProject
Project("{9A19103F-16F7-4668-BE54-9A1E7A4F7556}") = "TermInfo.Cli", "TermInfo.Cli\TermInfo.Cli.csproj", "{7F1EFE12-88C8-493F-8FC7-C40488179D89}"
EndProject
Project("{2150E333-8FDC-42A3-9474-1A3956D46DE8}") = "Solution Items", "Solution Items", "{3D688222-B83C-4EDB-9ECD-C07CEC94FF2C}"
	ProjectSection(SolutionItems) = preProject
		.editorconfig = .editorconfig
		Directory.Build.props = Directory.Build.props
		Directory.Build.targets = Directory.Build.targets
		stylecop.json = stylecop.json
	EndProjectSection
EndProject
Global
	GlobalSection(SolutionConfigurationPlatforms) = preSolution
		Debug|Any CPU = Debug|Any CPU
		Debug|x64 = Debug|x64
		Debug|x86 = Debug|x86
		Release|Any CPU = Release|Any CPU
		Release|x64 = Release|x64
		Release|x86 = Release|x86
	EndGlobalSection
	GlobalSection(ProjectConfigurationPlatforms) = postSolution
		{C49A39CF-372F-4E4D-AFCF-8285CFB39255}.Debug|Any CPU.ActiveCfg = Debug|Any CPU
		{C49A39CF-372F-4E4D-AFCF-8285CFB39255}.Debug|Any CPU.Build.0 = Debug|Any CPU
		{C49A39CF-372F-4E4D-AFCF-8285CFB39255}.Debug|x64.ActiveCfg = Debug|Any CPU
		{C49A39CF-372F-4E4D-AFCF-8285CFB39255}.Debug|x64.Build.0 = Debug|Any CPU
		{C49A39CF-372F-4E4D-AFCF-8285CFB39255}.Debug|x86.ActiveCfg = Debug|Any CPU
		{C49A39CF-372F-4E4D-AFCF-8285CFB39255}.Debug|x86.Build.0 = Debug|Any CPU
		{C49A39CF-372F-4E4D-AFCF-8285CFB39255}.Release|Any CPU.ActiveCfg = Release|Any CPU
		{C49A39CF-372F-4E4D-AFCF-8285CFB39255}.Release|Any CPU.Build.0 = Release|Any CPU
		{C49A39CF-372F-4E4D-AFCF-8285CFB39255}.Release|x64.ActiveCfg = Release|Any CPU
		{C49A39CF-372F-4E4D-AFCF-8285CFB39255}.Release|x64.Build.0 = Release|Any CPU
		{C49A39CF-372F-4E4D-AFCF-8285CFB39255}.Release|x86.ActiveCfg = Release|Any CPU
		{C49A39CF-372F-4E4D-AFCF-8285CFB39255}.Release|x86.Build.0 = Release|Any CPU
		{4D5E6C3E-C7AC-426C-AABE-9C44B1834C93}.Debug|Any CPU.ActiveCfg = Debug|Any CPU
		{4D5E6C3E-C7AC-426C-AABE-9C44B1834C93}.Debug|Any CPU.Build.0 = Debug|Any CPU
		{4D5E6C3E-C7AC-426C-AABE-9C44B1834C93}.Debug|x64.ActiveCfg = Debug|Any CPU
		{4D5E6C3E-C7AC-426C-AABE-9C44B1834C93}.Debug|x64.Build.0 = Debug|Any CPU
		{4D5E6C3E-C7AC-426C-AABE-9C44B1834C93}.Debug|x86.ActiveCfg = Debug|Any CPU
		{4D5E6C3E-C7AC-426C-AABE-9C44B1834C93}.Debug|x86.Build.0 = Debug|Any CPU
		{4D5E6C3E-C7AC-426C-AABE-9C44B1834C93}.Release|Any CPU.ActiveCfg = Release|Any CPU
		{4D5E6C3E-C7AC-426C-AABE-9C44B1834C93}.Release|Any CPU.Build.0 = Release|Any CPU
		{4D5E6C3E-C7AC-426C-AABE-9C44B1834C93}.Release|x64.ActiveCfg = Release|Any CPU
		{4D5E6C3E-C7AC-426C-AABE-9C44B1834C93}.Release|x64.Build.0 = Release|Any CPU
		{4D5E6C3E-C7AC-426C-AABE-9C44B1834C93}.Release|x86.ActiveCfg = Release|Any CPU
		{4D5E6C3E-C7AC-426C-AABE-9C44B1834C93}.Release|x86.Build.0 = Release|Any CPU
		{7F1EFE12-88C8-493F-8FC7-C40488179D89}.Debug|Any CPU.ActiveCfg = Debug|Any CPU
		{7F1EFE12-88C8-493F-8FC7-C40488179D89}.Debug|Any CPU.Build.0 = Debug|Any CPU
		{7F1EFE12-88C8-493F-8FC7-C40488179D89}.Debug|x64.ActiveCfg = Debug|Any CPU
		{7F1EFE12-88C8-493F-8FC7-C40488179D89}.Debug|x64.Build.0 = Debug|Any CPU
		{7F1EFE12-88C8-493F-8FC7-C40488179D89}.Debug|x86.ActiveCfg = Debug|Any CPU
		{7F1EFE12-88C8-493F-8FC7-C40488179D89}.Debug|x86.Build.0 = Debug|Any CPU
		{7F1EFE12-88C8-493F-8FC7-C40488179D89}.Release|Any CPU.ActiveCfg = Release|Any CPU
		{7F1EFE12-88C8-493F-8FC7-C40488179D89}.Release|Any CPU.Build.0 = Release|Any CPU
		{7F1EFE12-88C8-493F-8FC7-C40488179D89}.Release|x64.ActiveCfg = Release|Any CPU
		{7F1EFE12-88C8-493F-8FC7-C40488179D89}.Release|x64.Build.0 = Release|Any CPU
		{7F1EFE12-88C8-493F-8FC7-C40488179D89}.Release|x86.ActiveCfg = Release|Any CPU
		{7F1EFE12-88C8-493F-8FC7-C40488179D89}.Release|x86.Build.0 = Release|Any CPU
	EndGlobalSection
	GlobalSection(SolutionProperties) = preSolution
		HideSolutionNode = FALSE
	EndGlobalSection
	GlobalSection(ExtensibilityGlobals) = postSolution
		SolutionGuid = {B70550EE-E511-40ED-8F31-C9ED7B2F29F9}
	EndGlobalSection
EndGlobal
